// !$*UTF8*$!
{
	archiveVersion = 1;
	classes = {
	};
	objectVersion = 46;
	objects = {

/* Begin PBXBuildFile section */
		3891AC871C7B4F8C0019FE87 /* AppDelegate.swift in Sources */ = {isa = PBXBuildFile; fileRef = 3891AC861C7B4F8C0019FE87 /* AppDelegate.swift */; };
		3891AC891C7B4F8C0019FE87 /* ViewController.swift in Sources */ = {isa = PBXBuildFile; fileRef = 3891AC881C7B4F8C0019FE87 /* ViewController.swift */; };
		3891AC8C1C7B4F8C0019FE87 /* Main.storyboard in Resources */ = {isa = PBXBuildFile; fileRef = 3891AC8A1C7B4F8C0019FE87 /* Main.storyboard */; };
		3891AC8E1C7B4F8C0019FE87 /* Images.xcassets in Resources */ = {isa = PBXBuildFile; fileRef = 3891AC8D1C7B4F8C0019FE87 /* Images.xcassets */; };
		3891AC911C7B4F8C0019FE87 /* LaunchScreen.xib in Resources */ = {isa = PBXBuildFile; fileRef = 3891AC8F1C7B4F8C0019FE87 /* LaunchScreen.xib */; };
		3891AC9D1C7B4F8D0019FE87 /* Button_FunTests.swift in Sources */ = {isa = PBXBuildFile; fileRef = 3891AC9C1C7B4F8D0019FE87 /* Button_FunTests.swift */; };
/* End PBXBuildFile section */

/* Begin PBXContainerItemProxy section */
		3891AC971C7B4F8C0019FE87 /* PBXContainerItemProxy */ = {
			isa = PBXContainerItemProxy;
			containerPortal = 3891AC791C7B4F8C0019FE87 /* Project object */;
			proxyType = 1;
			remoteGlobalIDString = 3891AC801C7B4F8C0019FE87;
			remoteInfo = "Button Fun";
		};
/* End PBXContainerItemProxy section */

/* Begin PBXFileReference section */
		3891AC811C7B4F8C0019FE87 /* Button Fun.app */ = {isa = PBXFileReference; explicitFileType = wrapper.application; includeInIndex = 0; path = "Button Fun.app"; sourceTree = BUILT_PRODUCTS_DIR; };
		3891AC851C7B4F8C0019FE87 /* Info.plist */ = {isa = PBXFileReference; lastKnownFileType = text.plist.xml; path = Info.plist; sourceTree = "<group>"; };
		3891AC861C7B4F8C0019FE87 /* AppDelegate.swift */ = {isa = PBXFileReference; lastKnownFileType = sourcecode.swift; path = AppDelegate.swift; sourceTree = "<group>"; };
		3891AC881C7B4F8C0019FE87 /* ViewController.swift */ = {isa = PBXFileReference; lastKnownFileType = sourcecode.swift; path = ViewController.swift; sourceTree = "<group>"; };
		3891AC8B1C7B4F8C0019FE87 /* Base */ = {isa = PBXFileReference; lastKnownFileType = file.storyboard; name = Base; path = Base.lproj/Main.storyboard; sourceTree = "<group>"; };
		3891AC8D1C7B4F8C0019FE87 /* Images.xcassets */ = {isa = PBXFileReference; lastKnownFileType = folder.assetcatalog; path = Images.xcassets; sourceTree = "<group>"; };
		3891AC901C7B4F8C0019FE87 /* Base */ = {isa = PBXFileReference; lastKnownFileType = file.xib; name = Base; path = Base.lproj/LaunchScreen.xib; sourceTree = "<group>"; };
		3891AC961C7B4F8C0019FE87 /* Button FunTests.xctest */ = {isa = PBXFileReference; explicitFileType = wrapper.cfbundle; includeInIndex = 0; path = "Button FunTests.xctest"; sourceTree = BUILT_PRODUCTS_DIR; };
		3891AC9B1C7B4F8D0019FE87 /* Info.plist */ = {isa = PBXFileReference; lastKnownFileType = text.plist.xml; path = Info.plist; sourceTree = "<group>"; };
		3891AC9C1C7B4F8D0019FE87 /* Button_FunTests.swift */ = {isa = PBXFileReference; lastKnownFileType = sourcecode.swift; path = Button_FunTests.swift; sourceTree = "<group>"; };
/* End PBXFileReference section */

/* Begin PBXFrameworksBuildPhase section */
		3891AC7E1C7B4F8C0019FE87 /* Frameworks */ = {
			isa = PBXFrameworksBuildPhase;
			buildActionMask = 2147483647;
			files = (
			);
			runOnlyForDeploymentPostprocessing = 0;
		};
		3891AC931C7B4F8C0019FE87 /* Frameworks */ = {
			isa = PBXFrameworksBuildPhase;
			buildActionMask = 2147483647;
			files = (
			);
			runOnlyForDeploymentPostprocessing = 0;
		};
/* End PBXFrameworksBuildPhase section */

/* Begin PBXGroup section */
		3891AC781C7B4F8C0019FE87 = {
			isa = PBXGroup;
			children = (
				3891AC831C7B4F8C0019FE87 /* Button Fun */,
				3891AC991C7B4F8D0019FE87 /* Button FunTests */,
				3891AC821C7B4F8C0019FE87 /* Products */,
			);
			sourceTree = "<group>";
		};
		3891AC821C7B4F8C0019FE87 /* Products */ = {
			isa = PBXGroup;
			children = (
				3891AC811C7B4F8C0019FE87 /* Button Fun.app */,
				3891AC961C7B4F8C0019FE87 /* Button FunTests.xctest */,
			);
			name = Products;
			sourceTree = "<group>";
		};
		3891AC831C7B4F8C0019FE87 /* Button Fun */ = {
			isa = PBXGroup;
			children = (
				3891AC861C7B4F8C0019FE87 /* AppDelegate.swift */,
				3891AC881C7B4F8C0019FE87 /* ViewController.swift */,
				3891AC8A1C7B4F8C0019FE87 /* Main.storyboard */,
				3891AC8D1C7B4F8C0019FE87 /* Images.xcassets */,
				3891AC8F1C7B4F8C0019FE87 /* LaunchScreen.xib */,
				3891AC841C7B4F8C0019FE87 /* Supporting Files */,
			);
			path = "Button Fun";
			sourceTree = "<group>";
		};
		3891AC841C7B4F8C0019FE87 /* Supporting Files */ = {
			isa = PBXGroup;
			children = (
				3891AC851C7B4F8C0019FE87 /* Info.plist */,
			);
			name = "Supporting Files";
			sourceTree = "<group>";
		};
		3891AC991C7B4F8D0019FE87 /* Button FunTests */ = {
			isa = PBXGroup;
			children = (
				3891AC9C1C7B4F8D0019FE87 /* Button_FunTests.swift */,
				3891AC9A1C7B4F8D0019FE87 /* Supporting Files */,
			);
			path = "Button FunTests";
			sourceTree = "<group>";
		};
		3891AC9A1C7B4F8D0019FE87 /* Supporting Files */ = {
			isa = PBXGroup;
			children = (
				3891AC9B1C7B4F8D0019FE87 /* Info.plist */,
			);
			name = "Supporting Files";
			sourceTree = "<group>";
		};
/* End PBXGroup section */

/* Begin PBXNativeTarget section */
		3891AC801C7B4F8C0019FE87 /* Button Fun */ = {
			isa = PBXNativeTarget;
			buildConfigurationList = 3891ACA01C7B4F8D0019FE87 /* Build configuration list for PBXNativeTarget "Button Fun" */;
			buildPhases = (
				3891AC7D1C7B4F8C0019FE87 /* Sources */,
				3891AC7E1C7B4F8C0019FE87 /* Frameworks */,
				3891AC7F1C7B4F8C0019FE87 /* Resources */,
			);
			buildRules = (
			);
			dependencies = (
			);
			name = "Button Fun";
			productName = "Button Fun";
			productReference = 3891AC811C7B4F8C0019FE87 /* Button Fun.app */;
			productType = "com.apple.product-type.application";
		};
		3891AC951C7B4F8C0019FE87 /* Button FunTests */ = {
			isa = PBXNativeTarget;
			buildConfigurationList = 3891ACA31C7B4F8D0019FE87 /* Build configuration list for PBXNativeTarget "Button FunTests" */;
			buildPhases = (
				3891AC921C7B4F8C0019FE87 /* Sources */,
				3891AC931C7B4F8C0019FE87 /* Frameworks */,
				3891AC941C7B4F8C0019FE87 /* Resources */,
			);
			buildRules = (
			);
			dependencies = (
				3891AC981C7B4F8C0019FE87 /* PBXTargetDependency */,
			);
			name = "Button FunTests";
			productName = "Button FunTests";
			productReference = 3891AC961C7B4F8C0019FE87 /* Button FunTests.xctest */;
			productType = "com.apple.product-type.bundle.unit-test";
		};
/* End PBXNativeTarget section */

/* Begin PBXProject section */
		3891AC791C7B4F8C0019FE87 /* Project object */ = {
			isa = PBXProject;
			attributes = {
				LastUpgradeCheck = 0640;
				ORGANIZATIONNAME = Apress;
				TargetAttributes = {
					3891AC801C7B4F8C0019FE87 = {
						CreatedOnToolsVersion = 6.4;
					};
					3891AC951C7B4F8C0019FE87 = {
						CreatedOnToolsVersion = 6.4;
						TestTargetID = 3891AC801C7B4F8C0019FE87;
					};
				};
			};
			buildConfigurationList = 3891AC7C1C7B4F8C0019FE87 /* Build configuration list for PBXProject "Button Fun" */;
			compatibilityVersion = "Xcode 3.2";
			developmentRegion = English;
			hasScannedForEncodings = 0;
			knownRegions = (
				en,
				Base,
			);
			mainGroup = 3891AC781C7B4F8C0019FE87;
			productRefGroup = 3891AC821C7B4F8C0019FE87 /* Products */;
			projectDirPath = "";
			projectRoot = "";
			targets = (
				3891AC801C7B4F8C0019FE87 /* Button Fun */,
				3891AC951C7B4F8C0019FE87 /* Button FunTests */,
			);
		};
/* End PBXProject section */

/* Begin PBXResourcesBuildPhase section */
		3891AC7F1C7B4F8C0019FE87 /* Resources */ = {
			isa = PBXResourcesBuildPhase;
			buildActionMask = 2147483647;
			files = (
				3891AC8C1C7B4F8C0019FE87 /* Main.storyboard in Resources */,
				3891AC911C7B4F8C0019FE87 /* LaunchScreen.xib in Resources */,
				3891AC8E1C7B4F8C0019FE87 /* Images.xcassets in Resources */,
			);
			runOnlyForDeploymentPostprocessing = 0;
		};
		3891AC941C7B4F8C0019FE87 /* Resources */ = {
			isa = PBXResourcesBuildPhase;
			buildActionMask = 2147483647;
			files = (
			);
			runOnlyForDeploymentPostprocessing = 0;
		};
/* End PBXResourcesBuildPhase section */

/* Begin PBXSourcesBuildPhase section */
		3891AC7D1C7B4F8C0019FE87 /* Sources */ = {
			isa = PBXSourcesBuildPhase;
			buildActionMask = 2147483647;
			files = (
				3891AC891C7B4F8C0019FE87 /* ViewController.swift in Sources */,
				3891AC871C7B4F8C0019FE87 /* AppDelegate.swift in Sources */,
			);
			runOnlyForDeploymentPostprocessing = 0;
		};
		3891AC921C7B4F8C0019FE87 /* Sources */ = {
			isa = PBXSourcesBuildPhase;
			buildActionMask = 2147483647;
			files = (
				3891AC9D1C7B4F8D0019FE87 /* Button_FunTests.swift in Sources */,
			);
			runOnlyForDeploymentPostprocessing = 0;
		};
/* End PBXSourcesBuildPhase section */

/* Begin PBXTargetDependency section */
		3891AC981C7B4F8C0019FE87 /* PBXTargetDependency */ = {
			isa = PBXTargetDependency;
			target = 3891AC801C7B4F8C0019FE87 /* Button Fun */;
			targetProxy = 3891AC971C7B4F8C0019FE87 /* PBXContainerItemProxy */;
		};
/* End PBXTargetDependency section */

/* Begin PBXVariantGroup section */
		3891AC8A1C7B4F8C0019FE87 /* Main.storyboard */ = {
			isa = PBXVariantGroup;
			children = (
				3891AC8B1C7B4F8C0019FE87 /* Base */,
			);
			name = Main.storyboard;
			sourceTree = "<group>";
		};
		3891AC8F1C7B4F8C0019FE87 /* LaunchScreen.xib */ = {
			isa = PBXVariantGroup;
			children = (
				3891AC901C7B4F8C0019FE87 /* Base */,
			);
			name = LaunchScreen.xib;
			sourceTree = "<group>";
		};
/* End PBXVariantGroup section */

/* Begin XCBuildConfiguration section */
		3891AC9E1C7B4F8D0019FE87 /* Debug */ = {
			isa = XCBuildConfiguration;
			buildSettings = {
				ALWAYS_SEARCH_USER_PATHS = NO;
				CLANG_CXX_LANGUAGE_STANDARD = "gnu++0x";
				CLANG_CXX_LIBRARY = "libc++";
				CLANG_ENABLE_MODULES = YES;
				CLANG_ENABLE_OBJC_ARC = YES;
				CLANG_WARN_BOOL_CONVERSION = YES;
				CLANG_WARN_CONSTANT_CONVERSION = YES;
				CLANG_WARN_DIRECT_OBJC_ISA_USAGE = YES_ERROR;
				CLANG_WARN_EMPTY_BODY = YES;
				CLANG_WARN_ENUM_CONVERSION = YES;
				CLANG_WARN_INT_CONVERSION = YES;
				CLANG_WARN_OBJC_ROOT_CLASS = YES_ERROR;
				CLANG_WARN_UNREACHABLE_CODE = YES;
				CLANG_WARN__DUPLICATE_METHOD_MATCH = YES;
				"CODE_SIGN_IDENTITY[sdk=iphoneos*]" = "iPhone Developer";
				COPY_PHASE_STRIP = NO;
				DEBUG_INFORMATION_FORMAT = "dwarf-with-dsym";
				ENABLE_STRICT_OBJC_MSGSEND = YES;
				GCC_C_LANGUAGE_STANDARD = gnu99;
				GCC_DYNAMIC_NO_PIC = NO;
				GCC_NO_COMMON_BLOCKS = YES;
				GCC_OPTIMIZATION_LEVEL = 0;
				GCC_PREPROCESSOR_DEFINITIONS = (
					"DEBUG=1",
					"$(inherited)",
				);
				GCC_SYMBOLS_PRIVATE_EXTERN = NO;
				GCC_WARN_64_TO_32_BIT_CONVERSION = YES;
				GCC_WARN_ABOUT_RETURN_TYPE = YES_ERROR;
				GCC_WARN_UNDECLARED_SELECTOR = YES;
				GCC_WARN_UNINITIALIZED_AUTOS = YES_AGGRESSIVE;
				GCC_WARN_UNUSED_FUNCTION = YES;
				GCC_WARN_UNUSED_VARIABLE = YES;
				IPHONEOS_DEPLOYMENT_TARGET = 8.4;
				MTL_ENABLE_DEBUG_INFO = YES;
				ONLY_ACTIVE_ARCH = YES;
				SDKROOT = iphoneos;
				SWIFT_OPTIMIZATION_LEVEL = "-Onone";
				TARGETED_DEVICE_FAMILY = "1,2";
			};
			name = Debug;
		};
		3891AC9F1C7B4F8D0019FE87 /* Release */ = {
			isa = XCBuildConfiguration;
			buildSettings = {
				ALWAYS_SEARCH_USER_PATHS = NO;
				CLANG_CXX_LANGUAGE_STANDARD = "gnu++0x";
				CLANG_CXX_LIBRARY = "libc++";
				CLANG_ENABLE_MODULES = YES;
				CLANG_ENABLE_OBJC_ARC = YES;
				CLANG_WARN_BOOL_CONVERSION = YES;
				CLANG_WARN_CONSTANT_CONVERSION = YES;
				CLANG_WARN_DIRECT_OBJC_ISA_USAGE = YES_ERROR;
				CLANG_WARN_EMPTY_BODY = YES;
				CLANG_WARN_ENUM_CONVERSION = YES;
				CLANG_WARN_INT_CONVERSION = YES;
				CLANG_WARN_OBJC_ROOT_CLASS = YES_ERROR;
				CLANG_WARN_UNREACHABLE_CODE = YES;
				CLANG_WARN__DUPLICATE_METHOD_MATCH = YES;
				"CODE_SIGN_IDENTITY[sdk=iphoneos*]" = "iPhone Developer";
				COPY_PHASE_STRIP = NO;
				DEBUG_INFORMATION_FORMAT = "dwarf-with-dsym";
				ENABLE_NS_ASSERTIONS = NO;
				ENABLE_STRICT_OBJC_MSGSEND = YES;
				GCC_C_LANGUAGE_STANDARD = gnu99;
				GCC_NO_COMMON_BLOCKS = YES;
				GCC_WARN_64_TO_32_BIT_CONVERSION = YES;
				GCC_WARN_ABOUT_RETURN_TYPE = YES_ERROR;
				GCC_WARN_UNDECLARED_SELECTOR = YES;
				GCC_WARN_UNINITIALIZED_AUTOS = YES_AGGRESSIVE;
				GCC_WARN_UNUSED_FUNCTION = YES;
				GCC_WARN_UNUSED_VARIABLE = YES;
				IPHONEOS_DEPLOYMENT_TARGET = 8.4;
				MTL_ENABLE_DEBUG_INFO = NO;
				SDKROOT = iphoneos;
				TARGETED_DEVICE_FAMILY = "1,2";
				VALIDATE_PRODUCT = YES;
			};
			name = Release;
		};
		3891ACA11C7B4F8D0019FE87 /* Debug */ = {
			isa = XCBuildConfiguration;
			buildSettings = {
				ASSETCATALOG_COMPILER_APPICON_NAME = AppIcon;
				INFOPLIST_FILE = "Button Fun/Info.plist";
				LD_RUNPATH_SEARCH_PATHS = "$(inherited) @executable_path/Frameworks";
				PRODUCT_NAME = "$(TARGET_NAME)";
			};
			name = Debug;
		};
		3891ACA21C7B4F8D0019FE87 /* Release */ = {
			isa = XCBuildConfiguration;
			buildSettings = {
				ASSETCATALOG_COMPILER_APPICON_NAME = AppIcon;
				INFOPLIST_FILE = "Button Fun/Info.plist";
				LD_RUNPATH_SEARCH_PATHS = "$(inherited) @executable_path/Frameworks";
				PRODUCT_NAME = "$(TARGET_NAME)";
			};
			name = Release;
		};
		3891ACA41C7B4F8D0019FE87 /* Debug */ = {
			isa = XCBuildConfiguration;
			buildSettings = {
				BUNDLE_LOADER = "$(TEST_HOST)";
				FRAMEWORK_SEARCH_PATHS = (
					"$(SDKROOT)/Developer/Library/Frameworks",
					"$(inherited)",
				);
				GCC_PREPROCESSOR_DEFINITIONS = (
					"DEBUG=1",
					"$(inherited)",
				);
				INFOPLIST_FILE = "Button FunTests/Info.plist";
				LD_RUNPATH_SEARCH_PATHS = "$(inherited) @executable_path/Frameworks @loader_path/Frameworks";
				PRODUCT_NAME = "$(TARGET_NAME)";
				TEST_HOST = "$(BUILT_PRODUCTS_DIR)/Button Fun.app/Button Fun";
			};
			name = Debug;
		};
		3891ACA51C7B4F8D0019FE87 /* Release */ = {
			isa = XCBuildConfiguration;
			buildSettings = {
				BUNDLE_LOADER = "$(TEST_HOST)";
				FRAMEWORK_SEARCH_PATHS = (
					"$(SDKROOT)/Developer/Library/Frameworks",
					"$(inherited)",
				);
				INFOPLIST_FILE = "Button FunTests/Info.plist";
				LD_RUNPATH_SEARCH_PATHS = "$(inherited) @executable_path/Frameworks @loader_path/Frameworks";
				PRODUCT_NAME = "$(TARGET_NAME)";
				TEST_HOST = "$(BUILT_PRODUCTS_DIR)/Button Fun.app/Button Fun";
			};
			name = Release;
		};
/* End XCBuildConfiguration section */

/* Begin XCConfigurationList section */
		3891AC7C1C7B4F8C0019FE87 /* Build configuration list for PBXProject "Button Fun" */ = {
			isa = XCConfigurationList;
			buildConfigurations = (
				3891AC9E1C7B4F8D0019FE87 /* Debug */,
				3891AC9F1C7B4F8D0019FE87 /* Release */,
			);
			defaultConfigurationIsVisible = 0;
			defaultConfigurationName = Release;
		};
		3891ACA01C7B4F8D0019FE87 /* Build configuration list for PBXNativeTarget "Button Fun" */ = {
			isa = XCConfigurationList;
			buildConfigurations = (
				3891ACA11C7B4F8D0019FE87 /* Debug */,
				3891ACA21C7B4F8D0019FE87 /* Release */,
			);
			defaultConfigurationIsVisible = 0;
		};
		3891ACA31C7B4F8D0019FE87 /* Build configuration list for PBXNativeTarget "Button FunTests" */ = {
			isa = XCConfigurationList;
			buildConfigurations = (
				3891ACA41C7B4F8D0019FE87 /* Debug */,
				3891ACA51C7B4F8D0019FE87 /* Release */,
			);
			defaultConfigurationIsVisible = 0;
		};
/* End XCConfigurationList section */
	};
	rootObject = 3891AC791C7B4F8C0019FE87 /* Project object */;
}
